// !$*UTF8*$!
{
	archiveVersion = 1;
	classes = {
	};
	objectVersion = 50;
	objects = {

/* Begin PBXBuildFile section */
		2B85C1DD2590EADF0033D4F8 /* AppDelegate.swift in Sources */ = {isa = PBXBuildFile; fileRef = 2B85C1DC2590EADF0033D4F8 /* AppDelegate.swift */; };
		2B85C1DF2590EADF0033D4F8 /* SceneDelegate.swift in Sources */ = {isa = PBXBuildFile; fileRef = 2B85C1DE2590EADF0033D4F8 /* SceneDelegate.swift */; };
		2B85C1E12590EADF0033D4F8 /* ViewController.swift in Sources */ = {isa = PBXBuildFile; fileRef = 2B85C1E02590EADF0033D4F8 /* ViewController.swift */; };
		2B85C1E42590EADF0033D4F8 /* Main.storyboard in Resources */ = {isa = PBXBuildFile; fileRef = 2B85C1E22590EADF0033D4F8 /* Main.storyboard */; };
		2B85C1E72590EADF0033D4F8 /* DeuxCruise.xcdatamodeld in Sources */ = {isa = PBXBuildFile; fileRef = 2B85C1E52590EADF0033D4F8 /* DeuxCruise.xcdatamodeld */; };
		2B85C1E92590EAE30033D4F8 /* Assets.xcassets in Resources */ = {isa = PBXBuildFile; fileRef = 2B85C1E82590EAE30033D4F8 /* Assets.xcassets */; };
		2B85C1EC2590EAE30033D4F8 /* LaunchScreen.storyboard in Resources */ = {isa = PBXBuildFile; fileRef = 2B85C1EA2590EAE30033D4F8 /* LaunchScreen.storyboard */; };
		ABC7F9A35898AA5EC3AFD773 /* Pods_DeuxCruise.framework in Frameworks */ = {isa = PBXBuildFile; fileRef = D4ABA7988247A8FC198F567C /* Pods_DeuxCruise.framework */; };
/* End PBXBuildFile section */

/* Begin PBXFileReference section */
		1705D32D787FE11FDE191264 /* Pods-DeuxCruise.release.xcconfig */ = {isa = PBXFileReference; includeInIndex = 1; lastKnownFileType = text.xcconfig; name = "Pods-DeuxCruise.release.xcconfig"; path = "Target Support Files/Pods-DeuxCruise/Pods-DeuxCruise.release.xcconfig"; sourceTree = "<group>"; };
		2B85C1D92590EADF0033D4F8 /* DeuxCruise.app */ = {isa = PBXFileReference; explicitFileType = wrapper.application; includeInIndex = 0; path = DeuxCruise.app; sourceTree = BUILT_PRODUCTS_DIR; };
		2B85C1DC2590EADF0033D4F8 /* AppDelegate.swift */ = {isa = PBXFileReference; lastKnownFileType = sourcecode.swift; path = AppDelegate.swift; sourceTree = "<group>"; };
		2B85C1DE2590EADF0033D4F8 /* SceneDelegate.swift */ = {isa = PBXFileReference; lastKnownFileType = sourcecode.swift; path = SceneDelegate.swift; sourceTree = "<group>"; };
		2B85C1E02590EADF0033D4F8 /* ViewController.swift */ = {isa = PBXFileReference; lastKnownFileType = sourcecode.swift; path = ViewController.swift; sourceTree = "<group>"; };
		2B85C1E32590EADF0033D4F8 /* Base */ = {isa = PBXFileReference; lastKnownFileType = file.storyboard; name = Base; path = Base.lproj/Main.storyboard; sourceTree = "<group>"; };
		2B85C1E62590EADF0033D4F8 /* DeuxCruise.xcdatamodel */ = {isa = PBXFileReference; lastKnownFileType = wrapper.xcdatamodel; path = DeuxCruise.xcdatamodel; sourceTree = "<group>"; };
		2B85C1E82590EAE30033D4F8 /* Assets.xcassets */ = {isa = PBXFileReference; lastKnownFileType = folder.assetcatalog; path = Assets.xcassets; sourceTree = "<group>"; };
		2B85C1EB2590EAE30033D4F8 /* Base */ = {isa = PBXFileReference; lastKnownFileType = file.storyboard; name = Base; path = Base.lproj/LaunchScreen.storyboard; sourceTree = "<group>"; };
		2B85C1ED2590EAE30033D4F8 /* Info.plist */ = {isa = PBXFileReference; lastKnownFileType = text.plist.xml; path = Info.plist; sourceTree = "<group>"; };
		899EE769F76A3650698626AF /* Pods-DeuxCruise.debug.xcconfig */ = {isa = PBXFileReference; includeInIndex = 1; lastKnownFileType = text.xcconfig; name = "Pods-DeuxCruise.debug.xcconfig"; path = "Target Support Files/Pods-DeuxCruise/Pods-DeuxCruise.debug.xcconfig"; sourceTree = "<group>"; };
		D4ABA7988247A8FC198F567C /* Pods_DeuxCruise.framework */ = {isa = PBXFileReference; explicitFileType = wrapper.framework; includeInIndex = 0; path = Pods_DeuxCruise.framework; sourceTree = BUILT_PRODUCTS_DIR; };
/* End PBXFileReference section */

/* Begin PBXFrameworksBuildPhase section */
		2B85C1D62590EADF0033D4F8 /* Frameworks */ = {
			isa = PBXFrameworksBuildPhase;
			buildActionMask = 2147483647;
			files = (
				ABC7F9A35898AA5EC3AFD773 /* Pods_DeuxCruise.framework in Frameworks */,
			);
			runOnlyForDeploymentPostprocessing = 0;
		};
/* End PBXFrameworksBuildPhase section */

/* Begin PBXGroup section */
		2B85C1D02590EADF0033D4F8 = {
			isa = PBXGroup;
			children = (
				2B85C1DB2590EADF0033D4F8 /* DeuxCruise */,
				2B85C1DA2590EADF0033D4F8 /* Products */,
				4DF379D29242A895DC6132AD /* Pods */,
				4DD24FA97910208535E645B0 /* Frameworks */,
			);
			sourceTree = "<group>";
		};
		2B85C1DA2590EADF0033D4F8 /* Products */ = {
			isa = PBXGroup;
			children = (
				2B85C1D92590EADF0033D4F8 /* DeuxCruise.app */,
			);
			name = Products;
			sourceTree = "<group>";
		};
		2B85C1DB2590EADF0033D4F8 /* DeuxCruise */ = {
			isa = PBXGroup;
			children = (
				2B85C1DC2590EADF0033D4F8 /* AppDelegate.swift */,
				2B85C1DE2590EADF0033D4F8 /* SceneDelegate.swift */,
				2B85C1E02590EADF0033D4F8 /* ViewController.swift */,
				2B85C1E22590EADF0033D4F8 /* Main.storyboard */,
				2B85C1E82590EAE30033D4F8 /* Assets.xcassets */,
				2B85C1EA2590EAE30033D4F8 /* LaunchScreen.storyboard */,
				2B85C1ED2590EAE30033D4F8 /* Info.plist */,
				2B85C1E52590EADF0033D4F8 /* DeuxCruise.xcdatamodeld */,
			);
			path = DeuxCruise;
			sourceTree = "<group>";
		};
		4DD24FA97910208535E645B0 /* Frameworks */ = {
			isa = PBXGroup;
			children = (
				D4ABA7988247A8FC198F567C /* Pods_DeuxCruise.framework */,
			);
			name = Frameworks;
			sourceTree = "<group>";
		};
		4DF379D29242A895DC6132AD /* Pods */ = {
			isa = PBXGroup;
			children = (
				899EE769F76A3650698626AF /* Pods-DeuxCruise.debug.xcconfig */,
				1705D32D787FE11FDE191264 /* Pods-DeuxCruise.release.xcconfig */,
			);
			name = Pods;
			path = Pods;
			sourceTree = "<group>";
		};
/* End PBXGroup section */

/* Begin PBXNativeTarget section */
		2B85C1D82590EADF0033D4F8 /* DeuxCruise */ = {
			isa = PBXNativeTarget;
			buildConfigurationList = 2B85C1F02590EAE30033D4F8 /* Build configuration list for PBXNativeTarget "DeuxCruise" */;
			buildPhases = (
				58D51A864C494EE6B00439D2 /* [CP] Check Pods Manifest.lock */,
				2B85C1D52590EADF0033D4F8 /* Sources */,
				2B85C1D62590EADF0033D4F8 /* Frameworks */,
				2B85C1D72590EADF0033D4F8 /* Resources */,
				78D3793239206AB536A42018 /* [CP] Embed Pods Frameworks */,
			);
			buildRules = (
			);
			dependencies = (
			);
			name = DeuxCruise;
			productName = DeuxCruise;
			productReference = 2B85C1D92590EADF0033D4F8 /* DeuxCruise.app */;
			productType = "com.apple.product-type.application";
		};
/* End PBXNativeTarget section */

/* Begin PBXProject section */
		2B85C1D12590EADF0033D4F8 /* Project object */ = {
			isa = PBXProject;
			attributes = {
				LastSwiftUpdateCheck = 1220;
				LastUpgradeCheck = 1220;
				TargetAttributes = {
					2B85C1D82590EADF0033D4F8 = {
						CreatedOnToolsVersion = 12.2;
					};
				};
			};
			buildConfigurationList = 2B85C1D42590EADF0033D4F8 /* Build configuration list for PBXProject "DeuxCruise" */;
			compatibilityVersion = "Xcode 9.3";
			developmentRegion = en;
			hasScannedForEncodings = 0;
			knownRegions = (
				en,
				Base,
			);
			mainGroup = 2B85C1D02590EADF0033D4F8;
			productRefGroup = 2B85C1DA2590EADF0033D4F8 /* Products */;
			projectDirPath = "";
			projectRoot = "";
			targets = (
				2B85C1D82590EADF0033D4F8 /* DeuxCruise */,
			);
		};
/* End PBXProject section */

/* Begin PBXResourcesBuildPhase section */
		2B85C1D72590EADF0033D4F8 /* Resources */ = {
			isa = PBXResourcesBuildPhase;
			buildActionMask = 2147483647;
			files = (
				2B85C1EC2590EAE30033D4F8 /* LaunchScreen.storyboard in Resources */,
				2B85C1E92590EAE30033D4F8 /* Assets.xcassets in Resources */,
				2B85C1E42590EADF0033D4F8 /* Main.storyboard in Resources */,
			);
			runOnlyForDeploymentPostprocessing = 0;
		};
/* End PBXResourcesBuildPhase section */

/* Begin PBXShellScriptBuildPhase section */
		58D51A864C494EE6B00439D2 /* [CP] Check Pods Manifest.lock */ = {
			isa = PBXShellScriptBuildPhase;
			buildActionMask = 2147483647;
			files = (
			);
			inputFileListPaths = (
			);
			inputPaths = (
				"${PODS_PODFILE_DIR_PATH}/Podfile.lock",
				"${PODS_ROOT}/Manifest.lock",
			);
			name = "[CP] Check Pods Manifest.lock";
			outputFileListPaths = (
			);
			outputPaths = (
				"$(DERIVED_FILE_DIR)/Pods-DeuxCruise-checkManifestLockResult.txt",
			);
			runOnlyForDeploymentPostprocessing = 0;
			shellPath = /bin/sh;
			shellScript = "diff \"${PODS_PODFILE_DIR_PATH}/Podfile.lock\" \"${PODS_ROOT}/Manifest.lock\" > /dev/null\nif [ $? != 0 ] ; then\n    # print error to STDERR\n    echo \"error: The sandbox is not in sync with the Podfile.lock. Run 'pod install' or update your CocoaPods installation.\" >&2\n    exit 1\nfi\n# This output is used by Xcode 'outputs' to avoid re-running this script phase.\necho \"SUCCESS\" > \"${SCRIPT_OUTPUT_FILE_0}\"\n";
			showEnvVarsInLog = 0;
		};
		78D3793239206AB536A42018 /* [CP] Embed Pods Frameworks */ = {
			isa = PBXShellScriptBuildPhase;
			buildActionMask = 2147483647;
			files = (
			);
			inputFileListPaths = (
				"${PODS_ROOT}/Target Support Files/Pods-DeuxCruise/Pods-DeuxCruise-frameworks-${CONFIGURATION}-input-files.xcfilelist",
			);
			name = "[CP] Embed Pods Frameworks";
			outputFileListPaths = (
				"${PODS_ROOT}/Target Support Files/Pods-DeuxCruise/Pods-DeuxCruise-frameworks-${CONFIGURATION}-output-files.xcfilelist",
			);
			runOnlyForDeploymentPostprocessing = 0;
			shellPath = /bin/sh;
			shellScript = "\"${PODS_ROOT}/Target Support Files/Pods-DeuxCruise/Pods-DeuxCruise-frameworks.sh\"\n";
			showEnvVarsInLog = 0;
		};
/* End PBXShellScriptBuildPhase section */

/* Begin PBXSourcesBuildPhase section */
		2B85C1D52590EADF0033D4F8 /* Sources */ = {
			isa = PBXSourcesBuildPhase;
			buildActionMask = 2147483647;
			files = (
				2B85C1E72590EADF0033D4F8 /* DeuxCruise.xcdatamodeld in Sources */,
				2B85C1E12590EADF0033D4F8 /* ViewController.swift in Sources */,
				2B85C1DD2590EADF0033D4F8 /* AppDelegate.swift in Sources */,
				2B85C1DF2590EADF0033D4F8 /* SceneDelegate.swift in Sources */,
			);
			runOnlyForDeploymentPostprocessing = 0;
		};
/* End PBXSourcesBuildPhase section */

/* Begin PBXVariantGroup section */
		2B85C1E22590EADF0033D4F8 /* Main.storyboard */ = {
			isa = PBXVariantGroup;
			children = (
				2B85C1E32590EADF0033D4F8 /* Base */,
			);
			name = Main.storyboard;
			sourceTree = "<group>";
		};
		2B85C1EA2590EAE30033D4F8 /* LaunchScreen.storyboard */ = {
			isa = PBXVariantGroup;
			children = (
				2B85C1EB2590EAE30033D4F8 /* Base */,
			);
			name = LaunchScreen.storyboard;
			sourceTree = "<group>";
		};
/* End PBXVariantGroup section */

/* Begin XCBuildConfiguration section */
		2B85C1EE2590EAE30033D4F8 /* Debug */ = {
			isa = XCBuildConfiguration;
			buildSettings = {
				ALWAYS_SEARCH_USER_PATHS = NO;
				CLANG_ANALYZER_NONNULL = YES;
				CLANG_ANALYZER_NUMBER_OBJECT_CONVERSION = YES_AGGRESSIVE;
				CLANG_CXX_LANGUAGE_STANDARD = "gnu++14";
				CLANG_CXX_LIBRARY = "libc++";
				CLANG_ENABLE_MODULES = YES;
				CLANG_ENABLE_OBJC_ARC = YES;
				CLANG_ENABLE_OBJC_WEAK = YES;
				CLANG_WARN_BLOCK_CAPTURE_AUTORELEASING = YES;
				CLANG_WARN_BOOL_CONVERSION = YES;
				CLANG_WARN_COMMA = YES;
				CLANG_WARN_CONSTANT_CONVERSION = YES;
				CLANG_WARN_DEPRECATED_OBJC_IMPLEMENTATIONS = YES;
				CLANG_WARN_DIRECT_OBJC_ISA_USAGE = YES_ERROR;
				CLANG_WARN_DOCUMENTATION_COMMENTS = YES;
				CLANG_WARN_EMPTY_BODY = YES;
				CLANG_WARN_ENUM_CONVERSION = YES;
				CLANG_WARN_INFINITE_RECURSION = YES;
				CLANG_WARN_INT_CONVERSION = YES;
				CLANG_WARN_NON_LITERAL_NULL_CONVERSION = YES;
				CLANG_WARN_OBJC_IMPLICIT_RETAIN_SELF = YES;
				CLANG_WARN_OBJC_LITERAL_CONVERSION = YES;
				CLANG_WARN_OBJC_ROOT_CLASS = YES_ERROR;
				CLANG_WARN_QUOTED_INCLUDE_IN_FRAMEWORK_HEADER = YES;
				CLANG_WARN_RANGE_LOOP_ANALYSIS = YES;
				CLANG_WARN_STRICT_PROTOTYPES = YES;
				CLANG_WARN_SUSPICIOUS_MOVE = YES;
				CLANG_WARN_UNGUARDED_AVAILABILITY = YES_AGGRESSIVE;
				CLANG_WARN_UNREACHABLE_CODE = YES;
				CLANG_WARN__DUPLICATE_METHOD_MATCH = YES;
				COPY_PHASE_STRIP = NO;
				DEBUG_INFORMATION_FORMAT = dwarf;
				ENABLE_STRICT_OBJC_MSGSEND = YES;
				ENABLE_TESTABILITY = YES;
				GCC_C_LANGUAGE_STANDARD = gnu11;
				GCC_DYNAMIC_NO_PIC = NO;
				GCC_NO_COMMON_BLOCKS = YES;
				GCC_OPTIMIZATION_LEVEL = 0;
				GCC_PREPROCESSOR_DEFINITIONS = (
					"DEBUG=1",
					"$(inherited)",
				);
				GCC_WARN_64_TO_32_BIT_CONVERSION = YES;
				GCC_WARN_ABOUT_RETURN_TYPE = YES_ERROR;
				GCC_WARN_UNDECLARED_SELECTOR = YES;
				GCC_WARN_UNINITIALIZED_AUTOS = YES_AGGRESSIVE;
				GCC_WARN_UNUSED_FUNCTION = YES;
				GCC_WARN_UNUSED_VARIABLE = YES;
				IPHONEOS_DEPLOYMENT_TARGET = 14.2;
				MTL_ENABLE_DEBUG_INFO = INCLUDE_SOURCE;
				MTL_FAST_MATH = YES;
				ONLY_ACTIVE_ARCH = YES;
				SDKROOT = iphoneos;
				SWIFT_ACTIVE_COMPILATION_CONDITIONS = DEBUG;
				SWIFT_OPTIMIZATION_LEVEL = "-Onone";
			};
			name = Debug;
		};
		2B85C1EF2590EAE30033D4F8 /* Release */ = {
			isa = XCBuildConfiguration;
			buildSettings = {
				ALWAYS_SEARCH_USER_PATHS = NO;
				CLANG_ANALYZER_NONNULL = YES;
				CLANG_ANALYZER_NUMBER_OBJECT_CONVERSION = YES_AGGRESSIVE;
				CLANG_CXX_LANGUAGE_STANDARD = "gnu++14";
				CLANG_CXX_LIBRARY = "libc++";
				CLANG_ENABLE_MODULES = YES;
				CLANG_ENABLE_OBJC_ARC = YES;
				CLANG_ENABLE_OBJC_WEAK = YES;
				CLANG_WARN_BLOCK_CAPTURE_AUTORELEASING = YES;
				CLANG_WARN_BOOL_CONVERSION = YES;
				CLANG_WARN_COMMA = YES;
				CLANG_WARN_CONSTANT_CONVERSION = YES;
				CLANG_WARN_DEPRECATED_OBJC_IMPLEMENTATIONS = YES;
				CLANG_WARN_DIRECT_OBJC_ISA_USAGE = YES_ERROR;
				CLANG_WARN_DOCUMENTATION_COMMENTS = YES;
				CLANG_WARN_EMPTY_BODY = YES;
				CLANG_WARN_ENUM_CONVERSION = YES;
				CLANG_WARN_INFINITE_RECURSION = YES;
				CLANG_WARN_INT_CONVERSION = YES;
				CLANG_WARN_NON_LITERAL_NULL_CONVERSION = YES;
				CLANG_WARN_OBJC_IMPLICIT_RETAIN_SELF = YES;
				CLANG_WARN_OBJC_LITERAL_CONVERSION = YES;
				CLANG_WARN_OBJC_ROOT_CLASS = YES_ERROR;
				CLANG_WARN_QUOTED_INCLUDE_IN_FRAMEWORK_HEADER = YES;
				CLANG_WARN_RANGE_LOOP_ANALYSIS = YES;
				CLANG_WARN_STRICT_PROTOTYPES = YES;
				CLANG_WARN_SUSPICIOUS_MOVE = YES;
				CLANG_WARN_UNGUARDED_AVAILABILITY = YES_AGGRESSIVE;
				CLANG_WARN_UNREACHABLE_CODE = YES;
				CLANG_WARN__DUPLICATE_METHOD_MATCH = YES;
				COPY_PHASE_STRIP = NO;
				DEBUG_INFORMATION_FORMAT = "dwarf-with-dsym";
				ENABLE_NS_ASSERTIONS = NO;
				ENABLE_STRICT_OBJC_MSGSEND = YES;
				GCC_C_LANGUAGE_STANDARD = gnu11;
				GCC_NO_COMMON_BLOCKS = YES;
				GCC_WARN_64_TO_32_BIT_CONVERSION = YES;
				GCC_WARN_ABOUT_RETURN_TYPE = YES_ERROR;
				GCC_WARN_UNDECLARED_SELECTOR = YES;
				GCC_WARN_UNINITIALIZED_AUTOS = YES_AGGRESSIVE;
				GCC_WARN_UNUSED_FUNCTION = YES;
				GCC_WARN_UNUSED_VARIABLE = YES;
				IPHONEOS_DEPLOYMENT_TARGET = 14.2;
				MTL_ENABLE_DEBUG_INFO = NO;
				MTL_FAST_MATH = YES;
				SDKROOT = iphoneos;
				SWIFT_COMPILATION_MODE = wholemodule;
				SWIFT_OPTIMIZATION_LEVEL = "-O";
				VALIDATE_PRODUCT = YES;
			};
			name = Release;
		};
		2B85C1F12590EAE30033D4F8 /* Debug */ = {
			isa = XCBuildConfiguration;
			baseConfigurationReference = 899EE769F76A3650698626AF /* Pods-DeuxCruise.debug.xcconfig */;
			buildSettings = {
				ASSETCATALOG_COMPILER_APPICON_NAME = AppIcon;
				ASSETCATALOG_COMPILER_GLOBAL_ACCENT_COLOR_NAME = AccentColor;
				CODE_SIGN_STYLE = Automatic;
				DEVELOPMENT_TEAM = 283Q35B3B3;
				INFOPLIST_FILE = DeuxCruise/Info.plist;
				LD_RUNPATH_SEARCH_PATHS = (
					"$(inherited)",
					"@executable_path/Frameworks",
				);
				PRODUCT_BUNDLE_IDENTIFIER = com.soyeboibukun.DeuxCruise;
				PRODUCT_NAME = "$(TARGET_NAME)";
				SWIFT_VERSION = 5.0;
				TARGETED_DEVICE_FAMILY = "1,2";
			};
			name = Debug;
		};
		2B85C1F22590EAE30033D4F8 /* Release */ = {
			isa = XCBuildConfiguration;
			baseConfigurationReference = 1705D32D787FE11FDE191264 /* Pods-DeuxCruise.release.xcconfig */;
			buildSettings = {
				ASSETCATALOG_COMPILER_APPICON_NAME = AppIcon;
				ASSETCATALOG_COMPILER_GLOBAL_ACCENT_COLOR_NAME = AccentColor;
				CODE_SIGN_STYLE = Automatic;
				DEVELOPMENT_TEAM = 283Q35B3B3;
				INFOPLIST_FILE = DeuxCruise/Info.plist;
				LD_RUNPATH_SEARCH_PATHS = (
					"$(inherited)",
					"@executable_path/Frameworks",
				);
				PRODUCT_BUNDLE_IDENTIFIER = com.soyeboibukun.DeuxCruise;
				PRODUCT_NAME = "$(TARGET_NAME)";
				SWIFT_VERSION = 5.0;
				TARGETED_DEVICE_FAMILY = "1,2";
			};
			name = Release;
		};
/* End XCBuildConfiguration section */

/* Begin XCConfigurationList section */
		2B85C1D42590EADF0033D4F8 /* Build configuration list for PBXProject "DeuxCruise" */ = {
			isa = XCConfigurationList;
			buildConfigurations = (
				2B85C1EE2590EAE30033D4F8 /* Debug */,
				2B85C1EF2590EAE30033D4F8 /* Release */,
			);
			defaultConfigurationIsVisible = 0;
			defaultConfigurationName = Release;
		};
		2B85C1F02590EAE30033D4F8 /* Build configuration list for PBXNativeTarget "DeuxCruise" */ = {
			isa = XCConfigurationList;
			buildConfigurations = (
				2B85C1F12590EAE30033D4F8 /* Debug */,
				2B85C1F22590EAE30033D4F8 /* Release */,
			);
			defaultConfigurationIsVisible = 0;
			defaultConfigurationName = Release;
		};
/* End XCConfigurationList section */

/* Begin XCVersionGroup section */
		2B85C1E52590EADF0033D4F8 /* DeuxCruise.xcdatamodeld */ = {
			isa = XCVersionGroup;
			children = (
				2B85C1E62590EADF0033D4F8 /* DeuxCruise.xcdatamodel */,
			);
			currentVersion = 2B85C1E62590EADF0033D4F8 /* DeuxCruise.xcdatamodel */;
			path = DeuxCruise.xcdatamodeld;
			sourceTree = "<group>";
			versionGroupType = wrapper.xcdatamodel;
		};
/* End XCVersionGroup section */
	};
	rootObject = 2B85C1D12590EADF0033D4F8 /* Project object */;
}
